
Microsoft Visual Studio Solution File, Format Version 12.00
# Visual Studio Version 16
VisualStudioVersion = 16.0.31129.286
MinimumVisualStudioVersion = 10.0.40219.1
Project("{FAE04EC0-301F-11D3-BF4B-00C04F79EFBC}") = "BasicEffectFog", "BasicEffectFog\BasicEffectFog.csproj", "{5FCCED17-8D0C-4B8B-B01B-E82486761864}"
EndProject
Global
	GlobalSection(SolutionConfigurationPlatforms) = preSolution
		Debug|Any CPU = Debug|Any CPU
		Release|Any CPU = Release|Any CPU
	EndGlobalSection
	GlobalSection(ProjectConfigurationPlatforms) = postSolution
		{5FCCED17-8D0C-4B8B-B01B-E82486761864}.Debug|Any CPU.ActiveCfg = Debug|Any CPU
		{5FCCED17-8D0C-4B8B-B01B-E82486761864}.Debug|Any CPU.Build.0 = Debug|Any CPU
		{5FCCED17-8D0C-4B8B-B01B-E82486761864}.Release|Any CPU.ActiveCfg = Release|Any CPU
		{5FCCED17-8D0C-4B8B-B01B-E82486761864}.Release|Any CPU.Build.0 = Release|Any CPU
	EndGlobalSection
	GlobalSection(SolutionProperties) = preSolution
		HideSolutionNode = FALSE
	EndGlobalSection
	GlobalSection(ExtensibilityGlobals) = postSolution
		SolutionGuid = {3FF22FC0-E9BA-4E93-BBA3-9AEFDAC2B735}
	EndGlobalSection
EndGlobal
